<?xml version="1.0" encoding="UTF-8" standalone="yes" ?>
<CodeBlocks_project_file>
	<FileVersion major="1" minor="6" />
	<Project>
		<Option title="Game33" />
		<Option pch_mode="2" />
		<Option compiler="gcc" />
		<Build>
			<Target title="Debug">
				<Option output="bin/Debug/Game33" prefix_auto="1" extension_auto="1" />
				<Option object_output="obj/Debug/" />
				<Option type="1" />
				<Option compiler="gcc" />
				<Option use_console_runner="0" />
				<Option projectLinkerOptionsRelation="2" />
				<Compiler>
					<Add option="-g" />
				</Compiler>
			</Target>
			<Target title="Release">
				<Option output="bin/Release/Game33" prefix_auto="1" extension_auto="1" />
				<Option object_output="obj/Release/" />
				<Option type="0" />
				<Option compiler="gcc" />
				<Option projectLinkerOptionsRelation="2" />
				<Compiler>
					<Add option="-O2" />
				</Compiler>
				<Linker>
					<Add option="-s" />
				</Linker>
			</Target>
		</Build>
		<Compiler>
			<Add option="-std=c++11" />
			<Add option="-Wall" />
			<Add option="-DSFML_STATIC" />
			<Add directory="SFML/include" />
		</Compiler>
		<Linker>
			<Add option="-static-libgcc -static-libstdc++" />
			<Add library="sfml-audio-s" />
			<Add library="sfml-graphics-s" />
			<Add library="sfml-window-s" />
			<Add library="sfml-system-s" />
			<Add library="FLAC" />
			<Add library="freetype" />
			<Add library="jpeg" />
			<Add library="ogg" />
			<Add library="openal32" />
			<Add library="vorbis" />
			<Add library="vorbisenc" />
			<Add library="vorbisfile" />
			<Add library="winmm" />
			<Add library="gdi32" />
			<Add library="opengl32" />
			<Add directory="SFML/lib" />
		</Linker>
		<Unit filename="Engine.cpp" />
		<Unit filename="Engine.h" />
		<Unit filename="GameLogic.cpp" />
		<Unit filename="GameLogic.h" />
		<Unit filename="GameObjects/Enemy.cpp" />
		<Unit filename="GameObjects/Enemy.h" />
		<Unit filename="GameObjects/Food.cpp" />
		<Unit filename="GameObjects/Food.h" />
		<Unit filename="GameObjects/GameObject.cpp" />
		<Unit filename="GameObjects/GameObject.h" />
		<Unit filename="GameObjects/Player.cpp" />
		<Unit filename="GameObjects/Player.h" />
		<Unit filename="GlobalOptions.h" />
		<Unit filename="Leaderboard.cpp" />
		<Unit filename="Leaderboard.h" />
		<Unit filename="Logger.h" />
		<Unit filename="ObjectsFactory.cpp" />
		<Unit filename="ObjectsFactory.h" />
		<Unit filename="Randomizer.cpp" />
		<Unit filename="Randomizer.h" />
		<Unit filename="Utility.h" />
		<Unit filename="main.cpp" />
		<Extensions>
			<code_completion />
			<debugger />
		</Extensions>
	</Project>
</CodeBlocks_project_file>
