<?xml version="1.0" encoding="UTF-8" standalone="yes" ?>
<CodeBlocks_project_file>
	<FileVersion major="1" minor="6" />
	<Project>
		<Option title="TechnoatomProj" />
		<Option pch_mode="2" />
		<Option compiler="gcc" />
		<Build>
			<Target title="Debug">
				<Option output="bin/Debug/TechnoatomProj" prefix_auto="1" extension_auto="1" />
				<Option object_output="obj/Debug/" />
				<Option type="1" />
				<Option compiler="gcc" />
				<Compiler>
					<Add option="-std=c++11" />
					<Add option="-g" />
					<Add directory="./unittest-cpp/UnitTest++" />
				</Compiler>
			</Target>
			<Target title="Release">
				<Option output="bin/Release/TechnoatomProj" prefix_auto="1" extension_auto="1" />
				<Option object_output="obj/Release/" />
				<Option type="1" />
				<Option compiler="gcc" />
				<Compiler>
					<Add option="-O2" />
					<Add option="-std=c++11" />
					<Add directory="./unittest-cpp/UnitTest++" />
				</Compiler>
				<Linker>
					<Add option="-s" />
				</Linker>
			</Target>
		</Build>
		<Compiler>
			<Add option="-std=c++11" />
			<Add option="-Wall" />
			<Add option="-fexceptions" />
			<Add directory="./unittest-cpp/UnitTest++" />
		</Compiler>
		<Linker>
			<Add library=".\unittest-cpp\Deliv\Release\libUnitTest++.a" />
		</Linker>
		<Unit filename="Array.h" />
		<Unit filename="Array.hpp" />
		<Unit filename="Stack.h" />
		<Unit filename="Stack.hpp" />
		<Unit filename="UnitTests.h" />
		<Unit filename="Utility.cpp" />
		<Unit filename="Utility.h" />
		<Unit filename="main.cpp" />
		<Extensions>
			<code_completion />
			<debugger />
		</Extensions>
	</Project>
</CodeBlocks_project_file>
